// !$*UTF8*$!
{
	archiveVersion = 1;
	classes = {
	};
	objectVersion = 46;
	objects = {

/* Begin PBXBuildFile section */
		CE90E6EB0D7514BE007DA437 /* IvBezier.cpp in Sources */ = {isa = PBXBuildFile; fileRef = CE90E6DC0D7514BE007DA437 /* IvBezier.cpp */; };
		CE90E6EC0D7514BE007DA437 /* IvBezier.h in Headers */ = {isa = PBXBuildFile; fileRef = CE90E6DD0D7514BE007DA437 /* IvBezier.h */; };
		CE90E6ED0D7514BE007DA437 /* IvCatmullRom.cpp in Sources */ = {isa = PBXBuildFile; fileRef = CE90E6DE0D7514BE007DA437 /* IvCatmullRom.cpp */; };
		CE90E6EE0D7514BE007DA437 /* IvCatmullRom.h in Headers */ = {isa = PBXBuildFile; fileRef = CE90E6DF0D7514BE007DA437 /* IvCatmullRom.h */; };
		CE90E6EF0D7514BE007DA437 /* IvHermite.cpp in Sources */ = {isa = PBXBuildFile; fileRef = CE90E6E50D7514BE007DA437 /* IvHermite.cpp */; };
		CE90E6F00D7514BE007DA437 /* IvHermite.h in Headers */ = {isa = PBXBuildFile; fileRef = CE90E6E60D7514BE007DA437 /* IvHermite.h */; };
		CE90E6F10D7514BE007DA437 /* IvLinear.cpp in Sources */ = {isa = PBXBuildFile; fileRef = CE90E6E70D7514BE007DA437 /* IvLinear.cpp */; };
		CE90E6F20D7514BE007DA437 /* IvLinear.h in Headers */ = {isa = PBXBuildFile; fileRef = CE90E6E80D7514BE007DA437 /* IvLinear.h */; };
		CE90E6F30D7514BE007DA437 /* IvUniformBSpline.cpp in Sources */ = {isa = PBXBuildFile; fileRef = CE90E6E90D7514BE007DA437 /* IvUniformBSpline.cpp */; };
		CE90E6F40D7514BE007DA437 /* IvUniformBSpline.h in Headers */ = {isa = PBXBuildFile; fileRef = CE90E6EA0D7514BE007DA437 /* IvUniformBSpline.h */; };
/* End PBXBuildFile section */

/* Begin PBXCopyFilesBuildPhase section */
		5E63FE092243AE2000FC4B5F /* CopyFiles */ = {
			isa = PBXCopyFilesBuildPhase;
			buildActionMask = 2147483647;
			dstPath = /usr/share/man/man1/;
			dstSubfolderSpec = 0;
			files = (
			);
			runOnlyForDeploymentPostprocessing = 1;
		};
/* End PBXCopyFilesBuildPhase section */

/* Begin PBXFileReference section */
		5E63FE0B2243AE2000FC4B5F /* MyGame */ = {isa = PBXFileReference; explicitFileType = "compiled.mach-o.executable"; includeInIndex = 0; path = MyGame; sourceTree = BUILT_PRODUCTS_DIR; };
		CE90E6DC0D7514BE007DA437 /* IvBezier.cpp */ = {isa = PBXFileReference; fileEncoding = 4; lastKnownFileType = sourcecode.cpp.cpp; path = IvBezier.cpp; sourceTree = "<group>"; };
		CE90E6DD0D7514BE007DA437 /* IvBezier.h */ = {isa = PBXFileReference; fileEncoding = 4; lastKnownFileType = sourcecode.c.h; path = IvBezier.h; sourceTree = "<group>"; };
		CE90E6DE0D7514BE007DA437 /* IvCatmullRom.cpp */ = {isa = PBXFileReference; fileEncoding = 4; lastKnownFileType = sourcecode.cpp.cpp; path = IvCatmullRom.cpp; sourceTree = "<group>"; };
		CE90E6DF0D7514BE007DA437 /* IvCatmullRom.h */ = {isa = PBXFileReference; fileEncoding = 4; lastKnownFileType = sourcecode.c.h; path = IvCatmullRom.h; sourceTree = "<group>"; };
		CE90E6E50D7514BE007DA437 /* IvHermite.cpp */ = {isa = PBXFileReference; fileEncoding = 4; lastKnownFileType = sourcecode.cpp.cpp; path = IvHermite.cpp; sourceTree = "<group>"; };
		CE90E6E60D7514BE007DA437 /* IvHermite.h */ = {isa = PBXFileReference; fileEncoding = 4; lastKnownFileType = sourcecode.c.h; path = IvHermite.h; sourceTree = "<group>"; };
		CE90E6E70D7514BE007DA437 /* IvLinear.cpp */ = {isa = PBXFileReference; fileEncoding = 4; lastKnownFileType = sourcecode.cpp.cpp; path = IvLinear.cpp; sourceTree = "<group>"; };
		CE90E6E80D7514BE007DA437 /* IvLinear.h */ = {isa = PBXFileReference; fileEncoding = 4; lastKnownFileType = sourcecode.c.h; path = IvLinear.h; sourceTree = "<group>"; };
		CE90E6E90D7514BE007DA437 /* IvUniformBSpline.cpp */ = {isa = PBXFileReference; fileEncoding = 4; lastKnownFileType = sourcecode.cpp.cpp; path = IvUniformBSpline.cpp; sourceTree = "<group>"; };
		CE90E6EA0D7514BE007DA437 /* IvUniformBSpline.h */ = {isa = PBXFileReference; fileEncoding = 4; lastKnownFileType = sourcecode.c.h; path = IvUniformBSpline.h; sourceTree = "<group>"; };
		D2AAC046055464E500DB518D /* libIvCurves.a */ = {isa = PBXFileReference; explicitFileType = archive.ar; includeInIndex = 0; path = libIvCurves.a; sourceTree = BUILT_PRODUCTS_DIR; };
/* End PBXFileReference section */

/* Begin PBXFrameworksBuildPhase section */
		5E63FE082243AE2000FC4B5F /* Frameworks */ = {
			isa = PBXFrameworksBuildPhase;
			buildActionMask = 2147483647;
			files = (
			);
			runOnlyForDeploymentPostprocessing = 0;
		};
		D289987405E68DCB004EDB86 /* Frameworks */ = {
			isa = PBXFrameworksBuildPhase;
			buildActionMask = 2147483647;
			files = (
			);
			runOnlyForDeploymentPostprocessing = 0;
		};
/* End PBXFrameworksBuildPhase section */

/* Begin PBXGroup section */
		08FB7794FE84155DC02AAC07 /* IvGraphics */ = {
			isa = PBXGroup;
			children = (
				08FB7795FE84155DC02AAC07 /* Source */,
				C6A0FF2B0290797F04C91782 /* Documentation */,
				1AB674ADFE9D54B511CA2CBB /* Products */,
			);
			name = IvGraphics;
			sourceTree = "<group>";
		};
		08FB7795FE84155DC02AAC07 /* Source */ = {
			isa = PBXGroup;
			children = (
				CE90E6DC0D7514BE007DA437 /* IvBezier.cpp */,
				CE90E6DD0D7514BE007DA437 /* IvBezier.h */,
				CE90E6DE0D7514BE007DA437 /* IvCatmullRom.cpp */,
				CE90E6DF0D7514BE007DA437 /* IvCatmullRom.h */,
				CE90E6E50D7514BE007DA437 /* IvHermite.cpp */,
				CE90E6E60D7514BE007DA437 /* IvHermite.h */,
				CE90E6E70D7514BE007DA437 /* IvLinear.cpp */,
				CE90E6E80D7514BE007DA437 /* IvLinear.h */,
				CE90E6E90D7514BE007DA437 /* IvUniformBSpline.cpp */,
				CE90E6EA0D7514BE007DA437 /* IvUniformBSpline.h */,
			);
			name = Source;
			sourceTree = "<group>";
		};
		1AB674ADFE9D54B511CA2CBB /* Products */ = {
			isa = PBXGroup;
			children = (
				D2AAC046055464E500DB518D /* libIvCurves.a */,
				5E63FE0B2243AE2000FC4B5F /* MyGame */,
			);
			name = Products;
			sourceTree = "<group>";
		};
		C6A0FF2B0290797F04C91782 /* Documentation */ = {
			isa = PBXGroup;
			children = (
			);
			name = Documentation;
			sourceTree = "<group>";
		};
/* End PBXGroup section */

/* Begin PBXHeadersBuildPhase section */
		D2AAC043055464E500DB518D /* Headers */ = {
			isa = PBXHeadersBuildPhase;
			buildActionMask = 2147483647;
			files = (
				CE90E6EC0D7514BE007DA437 /* IvBezier.h in Headers */,
				CE90E6EE0D7514BE007DA437 /* IvCatmullRom.h in Headers */,
				CE90E6F00D7514BE007DA437 /* IvHermite.h in Headers */,
				CE90E6F20D7514BE007DA437 /* IvLinear.h in Headers */,
				CE90E6F40D7514BE007DA437 /* IvUniformBSpline.h in Headers */,
			);
			runOnlyForDeploymentPostprocessing = 0;
		};
/* End PBXHeadersBuildPhase section */

/* Begin PBXNativeTarget section */
		5E63FE0A2243AE2000FC4B5F /* MyGame */ = {
			isa = PBXNativeTarget;
			buildConfigurationList = 5E63FE112243AE2000FC4B5F /* Build configuration list for PBXNativeTarget "MyGame" */;
			buildPhases = (
				5E63FE072243AE2000FC4B5F /* Sources */,
				5E63FE082243AE2000FC4B5F /* Frameworks */,
				5E63FE092243AE2000FC4B5F /* CopyFiles */,
			);
			buildRules = (
			);
			dependencies = (
			);
			name = MyGame;
			productName = MyGame;
			productReference = 5E63FE0B2243AE2000FC4B5F /* MyGame */;
			productType = "com.apple.product-type.tool";
		};
		D2AAC045055464E500DB518D /* IvCurves */ = {
			isa = PBXNativeTarget;
			buildConfigurationList = 1DEB91EB08733DB70010E9CD /* Build configuration list for PBXNativeTarget "IvCurves" */;
			buildPhases = (
				D2AAC043055464E500DB518D /* Headers */,
				D2AAC044055464E500DB518D /* Sources */,
				D289987405E68DCB004EDB86 /* Frameworks */,
			);
			buildRules = (
			);
			dependencies = (
			);
			name = IvCurves;
			productName = IvGraphics;
			productReference = D2AAC046055464E500DB518D /* libIvCurves.a */;
			productType = "com.apple.product-type.library.static";
		};
/* End PBXNativeTarget section */

/* Begin PBXProject section */
		08FB7793FE84155DC02AAC07 /* Project object */ = {
			isa = PBXProject;
			attributes = {
				LastUpgradeCheck = 0620;
				TargetAttributes = {
					5E63FE0A2243AE2000FC4B5F = {
						CreatedOnToolsVersion = 10.1;
						ProvisioningStyle = Automatic;
					};
				};
			};
			buildConfigurationList = 1DEB91EF08733DB70010E9CD /* Build configuration list for PBXProject "IvCurves" */;
			compatibilityVersion = "Xcode 3.2";
			developmentRegion = English;
			hasScannedForEncodings = 1;
			knownRegions = (
				en,
			);
			mainGroup = 08FB7794FE84155DC02AAC07 /* IvGraphics */;
			projectDirPath = "";
			projectRoot = "";
			targets = (
				D2AAC045055464E500DB518D /* IvCurves */,
				5E63FE0A2243AE2000FC4B5F /* MyGame */,
			);
		};
/* End PBXProject section */

/* Begin PBXSourcesBuildPhase section */
		5E63FE072243AE2000FC4B5F /* Sources */ = {
			isa = PBXSourcesBuildPhase;
			buildActionMask = 2147483647;
			files = (
			);
			runOnlyForDeploymentPostprocessing = 0;
		};
		D2AAC044055464E500DB518D /* Sources */ = {
			isa = PBXSourcesBuildPhase;
			buildActionMask = 2147483647;
			files = (
				CE90E6EB0D7514BE007DA437 /* IvBezier.cpp in Sources */,
				CE90E6ED0D7514BE007DA437 /* IvCatmullRom.cpp in Sources */,
				CE90E6EF0D7514BE007DA437 /* IvHermite.cpp in Sources */,
				CE90E6F10D7514BE007DA437 /* IvLinear.cpp in Sources */,
				CE90E6F30D7514BE007DA437 /* IvUniformBSpline.cpp in Sources */,
			);
			runOnlyForDeploymentPostprocessing = 0;
		};
/* End PBXSourcesBuildPhase section */

/* Begin XCBuildConfiguration section */
		1DEB91EC08733DB70010E9CD /* Debug */ = {
			isa = XCBuildConfiguration;
			buildSettings = {
				CLANG_CXX_LANGUAGE_STANDARD = "c++0x";
				CLANG_CXX_LIBRARY = "libc++";
				COMBINE_HIDPI_IMAGES = YES;
				COPY_PHASE_STRIP = NO;
				GCC_DYNAMIC_NO_PIC = NO;
				GCC_ENABLE_FIX_AND_CONTINUE = YES;
				GCC_MODEL_TUNING = G5;
				GCC_OPTIMIZATION_LEVEL = 0;
				INSTALL_PATH = /usr/local/lib;
				PRODUCT_NAME = IvCurves;
				SDKROOT = macosx;
				ZERO_LINK = YES;
			};
			name = Debug;
		};
		1DEB91ED08733DB70010E9CD /* Release */ = {
			isa = XCBuildConfiguration;
			buildSettings = {
				CLANG_CXX_LANGUAGE_STANDARD = "c++0x";
				CLANG_CXX_LIBRARY = "libc++";
				COMBINE_HIDPI_IMAGES = YES;
				GCC_GENERATE_DEBUGGING_SYMBOLS = NO;
				GCC_MODEL_TUNING = G5;
				GCC_OPTIMIZATION_LEVEL = 3;
				INSTALL_PATH = /usr/local/lib;
				PRODUCT_NAME = IvCurves;
				SDKROOT = macosx;
			};
			name = Release;
		};
		1DEB91F008733DB70010E9CD /* Debug */ = {
			isa = XCBuildConfiguration;
			buildSettings = {
				CONFIGURATION_BUILD_DIR = "$(BUILD_DIR)/OSX$(CONFIGURATION)";
				GCC_OPTIMIZATION_LEVEL = s;
				GCC_WARN_ABOUT_RETURN_TYPE = YES;
				GCC_WARN_UNUSED_VARIABLE = YES;
				HEADER_SEARCH_PATHS = (
					../IvMath,
					../IvUtility,
					../IvGraphics,
				);
				MACOSX_DEPLOYMENT_TARGET = 10.8;
				OBJROOT = build;
				ONLY_ACTIVE_ARCH = YES;
				PREBINDING = NO;
				SDKROOT = macosx;
				SYMROOT = ../Libs;
			};
			name = Debug;
		};
		1DEB91F108733DB70010E9CD /* Release */ = {
			isa = XCBuildConfiguration;
			buildSettings = {
				CONFIGURATION_BUILD_DIR = "$(BUILD_DIR)/OSX$(CONFIGURATION)";
				GCC_GENERATE_DEBUGGING_SYMBOLS = NO;
				GCC_OPTIMIZATION_LEVEL = 0;
				GCC_WARN_ABOUT_RETURN_TYPE = YES;
				GCC_WARN_UNUSED_VARIABLE = YES;
				HEADER_SEARCH_PATHS = (
					../IvMath,
					../IvUtility,
					../IvGraphics,
					../..,
				);
				MACOSX_DEPLOYMENT_TARGET = 10.8;
				OBJROOT = build;
				PREBINDING = NO;
				SDKROOT = macosx;
				SYMROOT = ../Libs;
				USER_HEADER_SEARCH_PATHS = "";
			};
			name = Release;
		};
		5E63FE0F2243AE2000FC4B5F /* Debug */ = {
			isa = XCBuildConfiguration;
			buildSettings = {
				ALWAYS_SEARCH_USER_PATHS = NO;
				CLANG_ANALYZER_NONNULL = YES;
				CLANG_ANALYZER_NUMBER_OBJECT_CONVERSION = YES_AGGRESSIVE;
				CLANG_CXX_LANGUAGE_STANDARD = "gnu++14";
				CLANG_CXX_LIBRARY = "libc++";
				CLANG_ENABLE_MODULES = YES;
				CLANG_ENABLE_OBJC_ARC = YES;
				CLANG_ENABLE_OBJC_WEAK = YES;
				CLANG_WARN_BLOCK_CAPTURE_AUTORELEASING = YES;
				CLANG_WARN_BOOL_CONVERSION = YES;
				CLANG_WARN_COMMA = YES;
				CLANG_WARN_CONSTANT_CONVERSION = YES;
				CLANG_WARN_DEPRECATED_OBJC_IMPLEMENTATIONS = YES;
				CLANG_WARN_DIRECT_OBJC_ISA_USAGE = YES_ERROR;
				CLANG_WARN_DOCUMENTATION_COMMENTS = YES;
				CLANG_WARN_EMPTY_BODY = YES;
				CLANG_WARN_ENUM_CONVERSION = YES;
				CLANG_WARN_INFINITE_RECURSION = YES;
				CLANG_WARN_INT_CONVERSION = YES;
				CLANG_WARN_NON_LITERAL_NULL_CONVERSION = YES;
				CLANG_WARN_OBJC_IMPLICIT_RETAIN_SELF = YES;
				CLANG_WARN_OBJC_LITERAL_CONVERSION = YES;
				CLANG_WARN_OBJC_ROOT_CLASS = YES_ERROR;
				CLANG_WARN_RANGE_LOOP_ANALYSIS = YES;
				CLANG_WARN_STRICT_PROTOTYPES = YES;
				CLANG_WARN_SUSPICIOUS_MOVE = YES;
				CLANG_WARN_UNGUARDED_AVAILABILITY = YES_AGGRESSIVE;
				CLANG_WARN_UNREACHABLE_CODE = YES;
				CLANG_WARN__DUPLICATE_METHOD_MATCH = YES;
				CODE_SIGN_IDENTITY = "-";
				CODE_SIGN_STYLE = Automatic;
				COPY_PHASE_STRIP = NO;
				DEBUG_INFORMATION_FORMAT = dwarf;
				ENABLE_STRICT_OBJC_MSGSEND = YES;
				ENABLE_TESTABILITY = YES;
				GCC_C_LANGUAGE_STANDARD = gnu11;
				GCC_DYNAMIC_NO_PIC = NO;
				GCC_NO_COMMON_BLOCKS = YES;
				GCC_OPTIMIZATION_LEVEL = 0;
				GCC_PREPROCESSOR_DEFINITIONS = (
					"DEBUG=1",
					"$(inherited)",
				);
				GCC_WARN_64_TO_32_BIT_CONVERSION = YES;
				GCC_WARN_ABOUT_RETURN_TYPE = YES_ERROR;
				GCC_WARN_UNDECLARED_SELECTOR = YES;
				GCC_WARN_UNINITIALIZED_AUTOS = YES_AGGRESSIVE;
				GCC_WARN_UNUSED_FUNCTION = YES;
				MACOSX_DEPLOYMENT_TARGET = 10.13;
				MTL_ENABLE_DEBUG_INFO = INCLUDE_SOURCE;
				MTL_FAST_MATH = YES;
				PRODUCT_NAME = "$(TARGET_NAME)";
			};
			name = Debug;
		};
		5E63FE102243AE2000FC4B5F /* Release */ = {
			isa = XCBuildConfiguration;
			buildSettings = {
				ALWAYS_SEARCH_USER_PATHS = NO;
				CLANG_ANALYZER_NONNULL = YES;
				CLANG_ANALYZER_NUMBER_OBJECT_CONVERSION = YES_AGGRESSIVE;
				CLANG_CXX_LANGUAGE_STANDARD = "gnu++14";
				CLANG_CXX_LIBRARY = "libc++";
				CLANG_ENABLE_MODULES = YES;
				CLANG_ENABLE_OBJC_ARC = YES;
				CLANG_ENABLE_OBJC_WEAK = YES;
				CLANG_WARN_BLOCK_CAPTURE_AUTORELEASING = YES;
				CLANG_WARN_BOOL_CONVERSION = YES;
				CLANG_WARN_COMMA = YES;
				CLANG_WARN_CONSTANT_CONVERSION = YES;
				CLANG_WARN_DEPRECATED_OBJC_IMPLEMENTATIONS = YES;
				CLANG_WARN_DIRECT_OBJC_ISA_USAGE = YES_ERROR;
				CLANG_WARN_DOCUMENTATION_COMMENTS = YES;
				CLANG_WARN_EMPTY_BODY = YES;
				CLANG_WARN_ENUM_CONVERSION = YES;
				CLANG_WARN_INFINITE_RECURSION = YES;
				CLANG_WARN_INT_CONVERSION = YES;
				CLANG_WARN_NON_LITERAL_NULL_CONVERSION = YES;
				CLANG_WARN_OBJC_IMPLICIT_RETAIN_SELF = YES;
				CLANG_WARN_OBJC_LITERAL_CONVERSION = YES;
				CLANG_WARN_OBJC_ROOT_CLASS = YES_ERROR;
				CLANG_WARN_RANGE_LOOP_ANALYSIS = YES;
				CLANG_WARN_STRICT_PROTOTYPES = YES;
				CLANG_WARN_SUSPICIOUS_MOVE = YES;
				CLANG_WARN_UNGUARDED_AVAILABILITY = YES_AGGRESSIVE;
				CLANG_WARN_UNREACHABLE_CODE = YES;
				CLANG_WARN__DUPLICATE_METHOD_MATCH = YES;
				CODE_SIGN_IDENTITY = "-";
				CODE_SIGN_STYLE = Automatic;
				COPY_PHASE_STRIP = NO;
				DEBUG_INFORMATION_FORMAT = "dwarf-with-dsym";
				ENABLE_NS_ASSERTIONS = NO;
				ENABLE_STRICT_OBJC_MSGSEND = YES;
				GCC_C_LANGUAGE_STANDARD = gnu11;
				GCC_NO_COMMON_BLOCKS = YES;
				GCC_WARN_64_TO_32_BIT_CONVERSION = YES;
				GCC_WARN_ABOUT_RETURN_TYPE = YES_ERROR;
				GCC_WARN_UNDECLARED_SELECTOR = YES;
				GCC_WARN_UNINITIALIZED_AUTOS = YES_AGGRESSIVE;
				GCC_WARN_UNUSED_FUNCTION = YES;
				MACOSX_DEPLOYMENT_TARGET = 10.13;
				MTL_ENABLE_DEBUG_INFO = NO;
				MTL_FAST_MATH = YES;
				PRODUCT_NAME = "$(TARGET_NAME)";
			};
			name = Release;
		};
/* End XCBuildConfiguration section */

/* Begin XCConfigurationList section */
		1DEB91EB08733DB70010E9CD /* Build configuration list for PBXNativeTarget "IvCurves" */ = {
			isa = XCConfigurationList;
			buildConfigurations = (
				1DEB91EC08733DB70010E9CD /* Debug */,
				1DEB91ED08733DB70010E9CD /* Release */,
			);
			defaultConfigurationIsVisible = 0;
			defaultConfigurationName = Release;
		};
		1DEB91EF08733DB70010E9CD /* Build configuration list for PBXProject "IvCurves" */ = {
			isa = XCConfigurationList;
			buildConfigurations = (
				1DEB91F008733DB70010E9CD /* Debug */,
				1DEB91F108733DB70010E9CD /* Release */,
			);
			defaultConfigurationIsVisible = 0;
			defaultConfigurationName = Release;
		};
		5E63FE112243AE2000FC4B5F /* Build configuration list for PBXNativeTarget "MyGame" */ = {
			isa = XCConfigurationList;
			buildConfigurations = (
				5E63FE0F2243AE2000FC4B5F /* Debug */,
				5E63FE102243AE2000FC4B5F /* Release */,
			);
			defaultConfigurationIsVisible = 0;
			defaultConfigurationName = Release;
		};
/* End XCConfigurationList section */
	};
	rootObject = 08FB7793FE84155DC02AAC07 /* Project object */;
}
